Microsoft Visual Studio Solution File, Format Version 12.00
# Visual Studio Version 17
VisualStudioVersion = 17.5.2.0
MinimumVisualStudioVersion = 10.0.40219.1
Project("{FAE04EC0-301F-11D3-BF4B-00C04F79EFBC}") = "kvm", "kvm.csproj", "{9EB25454-38FB-730E-8721-53D6829D6C9A}"
EndProject
Global
	GlobalSection(SolutionConfigurationPlatforms) = preSolution
		Debug|Any CPU = Debug|Any CPU
		Release|Any CPU = Release|Any CPU
	EndGlobalSection
	GlobalSection(ProjectConfigurationPlatforms) = postSolution
		{9EB25454-38FB-730E-8721-53D6829D6C9A}.Debug|Any CPU.ActiveCfg = Debug|Any CPU
		{9EB25454-38FB-730E-8721-53D6829D6C9A}.Debug|Any CPU.Build.0 = Debug|Any CPU
		{9EB25454-38FB-730E-8721-53D6829D6C9A}.Release|Any CPU.ActiveCfg = Release|Any CPU
		{9EB25454-38FB-730E-8721-53D6829D6C9A}.Release|Any CPU.Build.0 = Release|Any CPU
	EndGlobalSection
	GlobalSection(SolutionProperties) = preSolution
		HideSolutionNode = FALSE
	EndGlobalSection
	GlobalSection(ExtensibilityGlobals) = postSolution
		SolutionGuid = {2432FD15-9E6A-4800-9FAB-0D411807577E}
	EndGlobalSection
EndGlobal
