
Microsoft Visual Studio Solution File, Format Version 12.00
# Visual Studio Version 17
VisualStudioVersion = 17.5.2.0
MinimumVisualStudioVersion = 10.0.40219.1
Project("{FAE04EC0-301F-11D3-BF4B-00C04F79EFBC}") = "ShadowKVM", "ShadowKVM\ShadowKVM.csproj", "{D260DE33-9D74-C5E7-6A07-D5B4698DCD6E}"
EndProject
Project("{FAE04EC0-301F-11D3-BF4B-00C04F79EFBC}") = "ShadowKVM.Tests", "ShadowKVM.Tests\ShadowKVM.Tests.csproj", "{4571AA17-0145-4A07-B787-EDB3E6D8A639}"
EndProject
Project("{930C7802-8A8C-48F9-8165-68863BCCD9DD}") = "Installer", "Installer\Installer.wixproj", "{947D81E6-F483-432D-A1B1-C7BF6F558618}"
EndProject
Global
	GlobalSection(SolutionConfigurationPlatforms) = preSolution
		Debug|Any CPU = Debug|Any CPU
		Release|Any CPU = Release|Any CPU
	EndGlobalSection
	GlobalSection(ProjectConfigurationPlatforms) = postSolution
		{D260DE33-9D74-C5E7-6A07-D5B4698DCD6E}.Debug|Any CPU.ActiveCfg = Debug|Any CPU
		{D260DE33-9D74-C5E7-6A07-D5B4698DCD6E}.Debug|Any CPU.Build.0 = Debug|Any CPU
		{D260DE33-9D74-C5E7-6A07-D5B4698DCD6E}.Release|Any CPU.ActiveCfg = Release|Any CPU
		{D260DE33-9D74-C5E7-6A07-D5B4698DCD6E}.Release|Any CPU.Build.0 = Release|Any CPU
		{4571AA17-0145-4A07-B787-EDB3E6D8A639}.Debug|Any CPU.ActiveCfg = Debug|Any CPU
		{4571AA17-0145-4A07-B787-EDB3E6D8A639}.Debug|Any CPU.Build.0 = Debug|Any CPU
		{4571AA17-0145-4A07-B787-EDB3E6D8A639}.Release|Any CPU.ActiveCfg = Release|Any CPU
		{4571AA17-0145-4A07-B787-EDB3E6D8A639}.Release|Any CPU.Build.0 = Release|Any CPU
		{947D81E6-F483-432D-A1B1-C7BF6F558618}.Debug|Any CPU.ActiveCfg = Debug|Any CPU
		{947D81E6-F483-432D-A1B1-C7BF6F558618}.Debug|Any CPU.Build.0 = Debug|Any CPU
		{947D81E6-F483-432D-A1B1-C7BF6F558618}.Release|Any CPU.ActiveCfg = Release|Any CPU
		{947D81E6-F483-432D-A1B1-C7BF6F558618}.Release|Any CPU.Build.0 = Release|Any CPU
	EndGlobalSection
	GlobalSection(SolutionProperties) = preSolution
		HideSolutionNode = FALSE
	EndGlobalSection
	GlobalSection(ExtensibilityGlobals) = postSolution
		SolutionGuid = {F29322E0-B383-46ED-9375-4D2D1D206982}
	EndGlobalSection
EndGlobal
